
Microsoft Visual Studio Solution File, Format Version 11.00
# Visual Studio 2010
Project("{00000000-0000-0000-0000-000000000000}") = "WebDemoProject", "WebDemoProject\WebDemoProject.csproj", "{93966BC9-4170-42FE-A88B-88A7D4BA4CB4}"
EndProject
Global
	GlobalSection(SolutionConfigurationPlatforms) = preSolution
		Debug|Any CPU = Debug|Any CPU
		Release|Any CPU = Release|Any CPU
	EndGlobalSection
	GlobalSection(ProjectConfigurationPlatforms) = postSolution
		{93966BC9-4170-42FE-A88B-88A7D4BA4CB4}.Debug|Any CPU.ActiveCfg = Debug|Any CPU
		{93966BC9-4170-42FE-A88B-88A7D4BA4CB4}.Debug|Any CPU.Build.0 = Debug|Any CPU
		{93966BC9-4170-42FE-A88B-88A7D4BA4CB4}.Release|Any CPU.ActiveCfg = Release|Any CPU
		{93966BC9-4170-42FE-A88B-88A7D4BA4CB4}.Release|Any CPU.Build.0 = Release|Any CPU
	EndGlobalSection
	GlobalSection(SolutionProperties) = preSolution
		HideSolutionNode = FALSE
	EndGlobalSection
EndGlobal
