
Microsoft Visual Studio Solution File, Format Version 10.00
# Visual Studio 2008
Project("{FAE04EC0-301F-11D3-BF4B-00C04F79EFBC}") = "WCFClientTest", "WCFClientFrankXuLei\WCFClient\WCFClientTest.csproj", "{285E9F82-9ED1-4466-90B7-58625DE5B541}"
EndProject
Project("{FAE04EC0-301F-11D3-BF4B-00C04F79EFBC}") = "WCFHost", "WCFHostFrankXuLei\WCFHost\WCFHost.csproj", "{C1A092A6-8D05-440B-BA90-9EFA90B120F3}"
EndProject
Project("{FAE04EC0-301F-11D3-BF4B-00C04F79EFBC}") = "WCFService", "WCFServiceFrankXuLei\WCFService\WCFService.csproj", "{8A997DF8-61F9-43AD-937A-A89A7FF91158}"
EndProject
Global
	GlobalSection(SolutionConfigurationPlatforms) = preSolution
		Debug|Any CPU = Debug|Any CPU
		Release|Any CPU = Release|Any CPU
	EndGlobalSection
	GlobalSection(ProjectConfigurationPlatforms) = postSolution
		{285E9F82-9ED1-4466-90B7-58625DE5B541}.Debug|Any CPU.ActiveCfg = Debug|Any CPU
		{285E9F82-9ED1-4466-90B7-58625DE5B541}.Debug|Any CPU.Build.0 = Debug|Any CPU
		{285E9F82-9ED1-4466-90B7-58625DE5B541}.Release|Any CPU.ActiveCfg = Release|Any CPU
		{285E9F82-9ED1-4466-90B7-58625DE5B541}.Release|Any CPU.Build.0 = Release|Any CPU
		{C1A092A6-8D05-440B-BA90-9EFA90B120F3}.Debug|Any CPU.ActiveCfg = Debug|Any CPU
		{C1A092A6-8D05-440B-BA90-9EFA90B120F3}.Debug|Any CPU.Build.0 = Debug|Any CPU
		{C1A092A6-8D05-440B-BA90-9EFA90B120F3}.Release|Any CPU.ActiveCfg = Release|Any CPU
		{C1A092A6-8D05-440B-BA90-9EFA90B120F3}.Release|Any CPU.Build.0 = Release|Any CPU
		{8A997DF8-61F9-43AD-937A-A89A7FF91158}.Debug|Any CPU.ActiveCfg = Debug|Any CPU
		{8A997DF8-61F9-43AD-937A-A89A7FF91158}.Debug|Any CPU.Build.0 = Debug|Any CPU
		{8A997DF8-61F9-43AD-937A-A89A7FF91158}.Release|Any CPU.ActiveCfg = Release|Any CPU
		{8A997DF8-61F9-43AD-937A-A89A7FF91158}.Release|Any CPU.Build.0 = Release|Any CPU
	EndGlobalSection
	GlobalSection(SolutionProperties) = preSolution
		HideSolutionNode = FALSE
	EndGlobalSection
EndGlobal
