
Microsoft Visual Studio Solution File, Format Version 11.00
# Visual Studio 2010
Project("{FAE04EC0-301F-11D3-BF4B-00C04F79EFBC}") = "CustomerSkin", "CustomerSkin\CustomerSkin.csproj", "{3F2A1A09-4038-4188-BE63-65DDE1CC1D60}"
EndProject
Global
	GlobalSection(SolutionConfigurationPlatforms) = preSolution
		Debug|Any CPU = Debug|Any CPU
		Release|Any CPU = Release|Any CPU
	EndGlobalSection
	GlobalSection(ProjectConfigurationPlatforms) = postSolution
		{3F2A1A09-4038-4188-BE63-65DDE1CC1D60}.Debug|Any CPU.ActiveCfg = Debug|Any CPU
		{3F2A1A09-4038-4188-BE63-65DDE1CC1D60}.Debug|Any CPU.Build.0 = Debug|Any CPU
		{3F2A1A09-4038-4188-BE63-65DDE1CC1D60}.Release|Any CPU.ActiveCfg = Release|Any CPU
		{3F2A1A09-4038-4188-BE63-65DDE1CC1D60}.Release|Any CPU.Build.0 = Release|Any CPU
	EndGlobalSection
	GlobalSection(SolutionProperties) = preSolution
		HideSolutionNode = FALSE
	EndGlobalSection
EndGlobal
