
Microsoft Visual Studio Solution File, Format Version 10.00
# Visual Studio 2008
Project("{2150E333-8FDC-42A3-9474-1A3956D46DE8}") = "HCUpLoad", "HCUpLoad", "{81F90D04-D1FA-4248-B577-E85B2D963A08}"
EndProject
Project("{FAE04EC0-301F-11D3-BF4B-00C04F79EFBC}") = "UpLoadWebApplication", "UpLoadWebApplication\UpLoadWebApplication.csproj", "{2B23EDCC-D5B9-4D05-AB33-C3FD652AE800}"
EndProject
Project("{FAE04EC0-301F-11D3-BF4B-00C04F79EFBC}") = "UploadWcfService", "UploadWcfService\UploadWcfService.csproj", "{F9F6CB9C-BDC6-40DD-AD07-DCD06C71FDA7}"
EndProject
Project("{FAE04EC0-301F-11D3-BF4B-00C04F79EFBC}") = "UpLoadConsoleApplication", "UpLoadConsoleApplication\UpLoadConsoleApplication.csproj", "{45129B46-9BBF-4F5C-B653-6E9ADB74331A}"
EndProject
Global
	GlobalSection(SolutionConfigurationPlatforms) = preSolution
		Debug|Any CPU = Debug|Any CPU
		Release|Any CPU = Release|Any CPU
	EndGlobalSection
	GlobalSection(ProjectConfigurationPlatforms) = postSolution
		{2B23EDCC-D5B9-4D05-AB33-C3FD652AE800}.Debug|Any CPU.ActiveCfg = Debug|Any CPU
		{2B23EDCC-D5B9-4D05-AB33-C3FD652AE800}.Debug|Any CPU.Build.0 = Debug|Any CPU
		{2B23EDCC-D5B9-4D05-AB33-C3FD652AE800}.Release|Any CPU.ActiveCfg = Release|Any CPU
		{2B23EDCC-D5B9-4D05-AB33-C3FD652AE800}.Release|Any CPU.Build.0 = Release|Any CPU
		{F9F6CB9C-BDC6-40DD-AD07-DCD06C71FDA7}.Debug|Any CPU.ActiveCfg = Debug|Any CPU
		{F9F6CB9C-BDC6-40DD-AD07-DCD06C71FDA7}.Debug|Any CPU.Build.0 = Debug|Any CPU
		{F9F6CB9C-BDC6-40DD-AD07-DCD06C71FDA7}.Release|Any CPU.ActiveCfg = Release|Any CPU
		{F9F6CB9C-BDC6-40DD-AD07-DCD06C71FDA7}.Release|Any CPU.Build.0 = Release|Any CPU
		{45129B46-9BBF-4F5C-B653-6E9ADB74331A}.Debug|Any CPU.ActiveCfg = Debug|Any CPU
		{45129B46-9BBF-4F5C-B653-6E9ADB74331A}.Debug|Any CPU.Build.0 = Debug|Any CPU
		{45129B46-9BBF-4F5C-B653-6E9ADB74331A}.Release|Any CPU.ActiveCfg = Release|Any CPU
		{45129B46-9BBF-4F5C-B653-6E9ADB74331A}.Release|Any CPU.Build.0 = Release|Any CPU
	EndGlobalSection
	GlobalSection(SolutionProperties) = preSolution
		HideSolutionNode = FALSE
	EndGlobalSection
	GlobalSection(NestedProjects) = preSolution
		{2B23EDCC-D5B9-4D05-AB33-C3FD652AE800} = {81F90D04-D1FA-4248-B577-E85B2D963A08}
		{F9F6CB9C-BDC6-40DD-AD07-DCD06C71FDA7} = {81F90D04-D1FA-4248-B577-E85B2D963A08}
		{45129B46-9BBF-4F5C-B653-6E9ADB74331A} = {81F90D04-D1FA-4248-B577-E85B2D963A08}
	EndGlobalSection
EndGlobal
