
Microsoft Visual Studio Solution File, Format Version 11.00
# Visual Studio 2010
Project("{FAE04EC0-301F-11D3-BF4B-00C04F79EFBC}") = "ArcGISAddInConfig", "ArcGISAddInConfig\ArcGISAddInConfig.csproj", "{AF0430DF-4E55-4D79-9F02-278CBF0E9AC4}"
EndProject
Global
	GlobalSection(SolutionConfigurationPlatforms) = preSolution
		Debug|Any CPU = Debug|Any CPU
		Release|Any CPU = Release|Any CPU
	EndGlobalSection
	GlobalSection(ProjectConfigurationPlatforms) = postSolution
		{AF0430DF-4E55-4D79-9F02-278CBF0E9AC4}.Debug|Any CPU.ActiveCfg = Debug|Any CPU
		{AF0430DF-4E55-4D79-9F02-278CBF0E9AC4}.Debug|Any CPU.Build.0 = Debug|Any CPU
		{AF0430DF-4E55-4D79-9F02-278CBF0E9AC4}.Release|Any CPU.ActiveCfg = Release|Any CPU
		{AF0430DF-4E55-4D79-9F02-278CBF0E9AC4}.Release|Any CPU.Build.0 = Release|Any CPU
	EndGlobalSection
	GlobalSection(SolutionProperties) = preSolution
		HideSolutionNode = FALSE
	EndGlobalSection
EndGlobal
