
Microsoft Visual Studio Solution File, Format Version 10.00
# Visual Studio 2008
Project("{FAE04EC0-301F-11D3-BF4B-00C04F79EFBC}") = "RESTContracts", "RESTContracts\RESTContracts.csproj", "{2E68F44C-B27D-47A6-99F5-F890C20E3126}"
EndProject
Project("{FAE04EC0-301F-11D3-BF4B-00C04F79EFBC}") = "SOAContracts", "SOAContracts\SOAContracts.csproj", "{FB135245-AD40-4B98-BABB-4FD754175942}"
EndProject
Project("{FAE04EC0-301F-11D3-BF4B-00C04F79EFBC}") = "SOASerivces", "SOASerivces\SOASerivces.csproj", "{3D44DE3F-CFF4-4672-B011-D39E93D5D6D6}"
EndProject
Project("{FAE04EC0-301F-11D3-BF4B-00C04F79EFBC}") = "RESTServices", "RESTServices\RESTServices.csproj", "{33D20D2D-188F-4FAC-A9A7-128E27A7EE73}"
EndProject
Project("{2150E333-8FDC-42A3-9474-1A3956D46DE8}") = "REST", "REST", "{C7DE4C5D-FA65-4ADD-80C3-9ED418FB7FF7}"
EndProject
Project("{2150E333-8FDC-42A3-9474-1A3956D46DE8}") = "SOA", "SOA", "{9F6B97F8-AFFC-485F-9235-62C9A61275EF}"
EndProject
Project("{FAE04EC0-301F-11D3-BF4B-00C04F79EFBC}") = "RESTServiceWeb", "RESTServiceWeb\RESTServiceWeb.csproj", "{B2D11AAC-67D9-41B2-BCFF-9FE6761A4A5C}"
EndProject
Project("{FAE04EC0-301F-11D3-BF4B-00C04F79EFBC}") = "SOAHost", "SOAHost\SOAHost.csproj", "{131473A6-13B3-4704-8B38-20678E1B0A42}"
EndProject
Project("{FAE04EC0-301F-11D3-BF4B-00C04F79EFBC}") = "ClientConsole", "ClientConsole\ClientConsole.csproj", "{B78E7756-A0F7-4A6F-918F-1DAAAF480498}"
EndProject
Global
	GlobalSection(SolutionConfigurationPlatforms) = preSolution
		Debug|Any CPU = Debug|Any CPU
		Release|Any CPU = Release|Any CPU
	EndGlobalSection
	GlobalSection(ProjectConfigurationPlatforms) = postSolution
		{2E68F44C-B27D-47A6-99F5-F890C20E3126}.Debug|Any CPU.ActiveCfg = Debug|Any CPU
		{2E68F44C-B27D-47A6-99F5-F890C20E3126}.Debug|Any CPU.Build.0 = Debug|Any CPU
		{2E68F44C-B27D-47A6-99F5-F890C20E3126}.Release|Any CPU.ActiveCfg = Release|Any CPU
		{2E68F44C-B27D-47A6-99F5-F890C20E3126}.Release|Any CPU.Build.0 = Release|Any CPU
		{FB135245-AD40-4B98-BABB-4FD754175942}.Debug|Any CPU.ActiveCfg = Debug|Any CPU
		{FB135245-AD40-4B98-BABB-4FD754175942}.Debug|Any CPU.Build.0 = Debug|Any CPU
		{FB135245-AD40-4B98-BABB-4FD754175942}.Release|Any CPU.ActiveCfg = Release|Any CPU
		{FB135245-AD40-4B98-BABB-4FD754175942}.Release|Any CPU.Build.0 = Release|Any CPU
		{3D44DE3F-CFF4-4672-B011-D39E93D5D6D6}.Debug|Any CPU.ActiveCfg = Debug|Any CPU
		{3D44DE3F-CFF4-4672-B011-D39E93D5D6D6}.Debug|Any CPU.Build.0 = Debug|Any CPU
		{3D44DE3F-CFF4-4672-B011-D39E93D5D6D6}.Release|Any CPU.ActiveCfg = Release|Any CPU
		{3D44DE3F-CFF4-4672-B011-D39E93D5D6D6}.Release|Any CPU.Build.0 = Release|Any CPU
		{33D20D2D-188F-4FAC-A9A7-128E27A7EE73}.Debug|Any CPU.ActiveCfg = Debug|Any CPU
		{33D20D2D-188F-4FAC-A9A7-128E27A7EE73}.Debug|Any CPU.Build.0 = Debug|Any CPU
		{33D20D2D-188F-4FAC-A9A7-128E27A7EE73}.Release|Any CPU.ActiveCfg = Release|Any CPU
		{33D20D2D-188F-4FAC-A9A7-128E27A7EE73}.Release|Any CPU.Build.0 = Release|Any CPU
		{B2D11AAC-67D9-41B2-BCFF-9FE6761A4A5C}.Debug|Any CPU.ActiveCfg = Debug|Any CPU
		{B2D11AAC-67D9-41B2-BCFF-9FE6761A4A5C}.Debug|Any CPU.Build.0 = Debug|Any CPU
		{B2D11AAC-67D9-41B2-BCFF-9FE6761A4A5C}.Release|Any CPU.ActiveCfg = Release|Any CPU
		{B2D11AAC-67D9-41B2-BCFF-9FE6761A4A5C}.Release|Any CPU.Build.0 = Release|Any CPU
		{131473A6-13B3-4704-8B38-20678E1B0A42}.Debug|Any CPU.ActiveCfg = Debug|Any CPU
		{131473A6-13B3-4704-8B38-20678E1B0A42}.Debug|Any CPU.Build.0 = Debug|Any CPU
		{131473A6-13B3-4704-8B38-20678E1B0A42}.Release|Any CPU.ActiveCfg = Release|Any CPU
		{131473A6-13B3-4704-8B38-20678E1B0A42}.Release|Any CPU.Build.0 = Release|Any CPU
		{B78E7756-A0F7-4A6F-918F-1DAAAF480498}.Debug|Any CPU.ActiveCfg = Debug|Any CPU
		{B78E7756-A0F7-4A6F-918F-1DAAAF480498}.Debug|Any CPU.Build.0 = Debug|Any CPU
		{B78E7756-A0F7-4A6F-918F-1DAAAF480498}.Release|Any CPU.ActiveCfg = Release|Any CPU
		{B78E7756-A0F7-4A6F-918F-1DAAAF480498}.Release|Any CPU.Build.0 = Release|Any CPU
	EndGlobalSection
	GlobalSection(SolutionProperties) = preSolution
		HideSolutionNode = FALSE
	EndGlobalSection
	GlobalSection(NestedProjects) = preSolution
		{2E68F44C-B27D-47A6-99F5-F890C20E3126} = {C7DE4C5D-FA65-4ADD-80C3-9ED418FB7FF7}
		{33D20D2D-188F-4FAC-A9A7-128E27A7EE73} = {C7DE4C5D-FA65-4ADD-80C3-9ED418FB7FF7}
		{B2D11AAC-67D9-41B2-BCFF-9FE6761A4A5C} = {C7DE4C5D-FA65-4ADD-80C3-9ED418FB7FF7}
		{FB135245-AD40-4B98-BABB-4FD754175942} = {9F6B97F8-AFFC-485F-9235-62C9A61275EF}
		{3D44DE3F-CFF4-4672-B011-D39E93D5D6D6} = {9F6B97F8-AFFC-485F-9235-62C9A61275EF}
		{131473A6-13B3-4704-8B38-20678E1B0A42} = {9F6B97F8-AFFC-485F-9235-62C9A61275EF}
	EndGlobalSection
EndGlobal
